
Microsoft Visual Studio Solution File, Format Version 12.00
# Visual Studio Version 17
VisualStudioVersion = 17.4.33110.190
MinimumVisualStudioVersion = 10.0.40219.1
Project("{9A19103F-16F7-4668-BE54-9A1E7A4F7556}") = "Edument.CQRS", "Edument.CQRS\Edument.CQRS.csproj", "{C8C72B6E-8655-4A59-8456-8EB915F87CE7}"
EndProject
Project("{9A19103F-16F7-4668-BE54-9A1E7A4F7556}") = "Events", "Events\Events.csproj", "{7733BD86-9BFF-42A6-9F36-C8A0EFF97B2E}"
EndProject
Project("{9A19103F-16F7-4668-BE54-9A1E7A4F7556}") = "YourDomain", "YourDomain\YourDomain.csproj", "{31CDD911-7202-48CF-B2D9-B3DEC229D956}"
EndProject
Project("{FAE04EC0-301F-11D3-BF4B-00C04F79EFBC}") = "YourDomainTests", "YourDomainTests\YourDomainTests.csproj", "{1D7803A4-2980-4239-92FA-6F8319E820E1}"
EndProject
Global
	GlobalSection(SolutionConfigurationPlatforms) = preSolution
		Debug|Any CPU = Debug|Any CPU
		Release|Any CPU = Release|Any CPU
	EndGlobalSection
	GlobalSection(ProjectConfigurationPlatforms) = postSolution
		{C8C72B6E-8655-4A59-8456-8EB915F87CE7}.Debug|Any CPU.ActiveCfg = Debug|Any CPU
		{C8C72B6E-8655-4A59-8456-8EB915F87CE7}.Debug|Any CPU.Build.0 = Debug|Any CPU
		{C8C72B6E-8655-4A59-8456-8EB915F87CE7}.Release|Any CPU.ActiveCfg = Release|Any CPU
		{C8C72B6E-8655-4A59-8456-8EB915F87CE7}.Release|Any CPU.Build.0 = Release|Any CPU
		{7733BD86-9BFF-42A6-9F36-C8A0EFF97B2E}.Debug|Any CPU.ActiveCfg = Debug|Any CPU
		{7733BD86-9BFF-42A6-9F36-C8A0EFF97B2E}.Debug|Any CPU.Build.0 = Debug|Any CPU
		{7733BD86-9BFF-42A6-9F36-C8A0EFF97B2E}.Release|Any CPU.ActiveCfg = Release|Any CPU
		{7733BD86-9BFF-42A6-9F36-C8A0EFF97B2E}.Release|Any CPU.Build.0 = Release|Any CPU
		{31CDD911-7202-48CF-B2D9-B3DEC229D956}.Debug|Any CPU.ActiveCfg = Debug|Any CPU
		{31CDD911-7202-48CF-B2D9-B3DEC229D956}.Debug|Any CPU.Build.0 = Debug|Any CPU
		{31CDD911-7202-48CF-B2D9-B3DEC229D956}.Release|Any CPU.ActiveCfg = Release|Any CPU
		{31CDD911-7202-48CF-B2D9-B3DEC229D956}.Release|Any CPU.Build.0 = Release|Any CPU
		{1D7803A4-2980-4239-92FA-6F8319E820E1}.Debug|Any CPU.ActiveCfg = Debug|Any CPU
		{1D7803A4-2980-4239-92FA-6F8319E820E1}.Debug|Any CPU.Build.0 = Debug|Any CPU
		{1D7803A4-2980-4239-92FA-6F8319E820E1}.Release|Any CPU.ActiveCfg = Release|Any CPU
		{1D7803A4-2980-4239-92FA-6F8319E820E1}.Release|Any CPU.Build.0 = Release|Any CPU
	EndGlobalSection
	GlobalSection(SolutionProperties) = preSolution
		HideSolutionNode = FALSE
	EndGlobalSection
	GlobalSection(ExtensibilityGlobals) = postSolution
		SolutionGuid = {A0F93EAD-0CA8-4567-A57C-7A4E65F019F6}
	EndGlobalSection
EndGlobal
